PODS:
  - Bolts-Swift (1.3.0)
  - Bolts/Tasks (1.8.4)
  - NVActivityIndicatorView (3.6.1)
  - Parse (1.15.3):
    - Bolts/Tasks (~> 1.8)
  - RxCocoa (4.0.0):
    - RxSwift (~> 4.0)
  - RxSwift (4.0.0)
  - SideMenu (2.3.2)

DEPENDENCIES:
  - Bolts-Swift
  - NVActivityIndicatorView
  - Parse
  - RxCocoa (~> 4.0)
  - RxSwift (~> 4.0)
  - SideMenu

SPEC CHECKSUMS:
  Bolts: 8a7995239dbe724f9cba2248b766d48b7ebdd322
  Bolts-Swift: fa98d1b59fc1acea9b21a21306dcdca1c85e3737
  NVActivityIndicatorView: 9f52a7f84bf5c6a798722c450fe3c198e01c56ed
  Parse: cdc0f1f975ee8be0409e66f21b05df4ae067047c
  RxCocoa: d62846ca96495d862fa4c59ea7d87e5031d7340e
  RxSwift: fd680d75283beb5e2559486f3c0ff852f0d35334
  SideMenu: 3fa07dd05d4bade2b6f9889fb1877e312e1ba319

PODFILE CHECKSUM: e19dce54519f4472ee2226fb55aa9f2b7f6ebd82

COCOAPODS: 1.3.1
