PODS:
  - Bolts-Swift (1.3.0)
  - Bolts/Tasks (1.9.0)
  - Mapbox-iOS-SDK (3.7.3)
  - NVActivityIndicatorView (4.1.1):
    - NVActivityIndicatorView/Presenter (= 4.1.1)
  - NVActivityIndicatorView/Presenter (4.1.1)
  - Parse (1.16.0):
    - Parse/Core (= 1.16.0)
  - Parse/Core (1.16.0):
    - Bolts/Tasks (~> 1.9)
  - RxCocoa (4.1.1):
    - RxSwift (~> 4.0)
  - RxSwift (4.1.1)
  - SideMenu (3.1.5)

DEPENDENCIES:
  - Bolts-Swift
  - Mapbox-iOS-SDK (~> 3.7)
  - NVActivityIndicatorView
  - Parse
  - RxCocoa (~> 4.0)
  - RxSwift (~> 4.0)
  - SideMenu

SPEC CHECKSUMS:
  Bolts: ac6567323eac61e203f6a9763667d0f711be34c8
  Bolts-Swift: fa98d1b59fc1acea9b21a21306dcdca1c85e3737
  Mapbox-iOS-SDK: 5304bd9605babe6da9050ea4cb23c1671420b737
  NVActivityIndicatorView: 60109b9bf46efc2e71ab81453196ccdfdfeea870
  Parse: 5b36dc2c2f0a2fd82a257ae018bc3d68cf2c24e7
  RxCocoa: fd0862fd2df95fa55562ad28ffd2522c25eb4a85
  RxSwift: c6e3b1c7b325c7d121cd4327e9d98b7ed746b570
  SideMenu: 47dbf9e4d878062d8994aed43f6e4bf6c1fea30b

PODFILE CHECKSUM: 7dd9f81fa9b04ac70b69f2e7d581fee8fb90b19d

COCOAPODS: 1.3.1
